
Microsoft Visual Studio Solution File, Format Version 12.00
# Visual Studio Version 16
VisualStudioVersion = 16.0.29728.190
MinimumVisualStudioVersion = 10.0.40219.1
Project("{FAE04EC0-301F-11D3-BF4B-00C04F79EFBC}") = "ForcedDemo", "ForcedDemo\ForcedDemo.csproj", "{657B9D4B-020D-46E3-8E63-91CC7A997514}"
EndProject
Global
	GlobalSection(SolutionConfigurationPlatforms) = preSolution
		Debug|Any CPU = Debug|Any CPU
		Release|Any CPU = Release|Any CPU
	EndGlobalSection
	GlobalSection(ProjectConfigurationPlatforms) = postSolution
		{657B9D4B-020D-46E3-8E63-91CC7A997514}.Debug|Any CPU.ActiveCfg = Debug|Any CPU
		{657B9D4B-020D-46E3-8E63-91CC7A997514}.Debug|Any CPU.Build.0 = Debug|Any CPU
		{657B9D4B-020D-46E3-8E63-91CC7A997514}.Release|Any CPU.ActiveCfg = Release|Any CPU
		{657B9D4B-020D-46E3-8E63-91CC7A997514}.Release|Any CPU.Build.0 = Release|Any CPU
	EndGlobalSection
	GlobalSection(SolutionProperties) = preSolution
		HideSolutionNode = FALSE
	EndGlobalSection
	GlobalSection(ExtensibilityGlobals) = postSolution
		SolutionGuid = {028AE6F5-5D8A-4CE9-A4EA-A24CA4D836B4}
	EndGlobalSection
EndGlobal
